
Microsoft Visual Studio Solution File, Format Version 12.00
# Visual Studio Version 16
VisualStudioVersion = 16.0.29001.49
MinimumVisualStudioVersion = 10.0.40219.1
Project("{FAE04EC0-301F-11D3-BF4B-00C04F79EFBC}") = "FunduszModel", "FunduszModel.csproj", "{2B867121-A9C8-447B-B5FB-7E101B67DF89}"
EndProject
Global
	GlobalSection(SolutionConfigurationPlatforms) = preSolution
		Debug|Any CPU = Debug|Any CPU
		Release|Any CPU = Release|Any CPU
	EndGlobalSection
	GlobalSection(ProjectConfigurationPlatforms) = postSolution
		{2B867121-A9C8-447B-B5FB-7E101B67DF89}.Debug|Any CPU.ActiveCfg = Debug|Any CPU
		{2B867121-A9C8-447B-B5FB-7E101B67DF89}.Debug|Any CPU.Build.0 = Debug|Any CPU
		{2B867121-A9C8-447B-B5FB-7E101B67DF89}.Release|Any CPU.ActiveCfg = Release|Any CPU
		{2B867121-A9C8-447B-B5FB-7E101B67DF89}.Release|Any CPU.Build.0 = Release|Any CPU
	EndGlobalSection
	GlobalSection(SolutionProperties) = preSolution
		HideSolutionNode = FALSE
	EndGlobalSection
	GlobalSection(ExtensibilityGlobals) = postSolution
		SolutionGuid = {1F5A8A93-1F98-40FA-80E5-3843B25C72EC}
	EndGlobalSection
EndGlobal
